
Microsoft Visual Studio Solution File, Format Version 12.00
# Visual Studio Version 16
VisualStudioVersion = 16.0.30711.63
MinimumVisualStudioVersion = 10.0.40219.1
Project("{9A19103F-16F7-4668-BE54-9A1E7A4F7556}") = "ApiBooking", "ApiBooking\ApiBooking.csproj", "{2F45CB17-5466-463D-868C-30A2E9EF1583}"
EndProject
Project("{FAE04EC0-301F-11D3-BF4B-00C04F79EFBC}") = "Contracts", "Contracts\Contracts.csproj", "{C01AC2C0-D673-4C13-9305-3B1629C1E76C}"
EndProject
Project("{FAE04EC0-301F-11D3-BF4B-00C04F79EFBC}") = "LoggerService", "LoggerService\LoggerService.csproj", "{B9DB31B9-3A53-4D10-B843-1BBE58317F89}"
EndProject
Global
	GlobalSection(SolutionConfigurationPlatforms) = preSolution
		Debug|Any CPU = Debug|Any CPU
		Release|Any CPU = Release|Any CPU
	EndGlobalSection
	GlobalSection(ProjectConfigurationPlatforms) = postSolution
		{2F45CB17-5466-463D-868C-30A2E9EF1583}.Debug|Any CPU.ActiveCfg = Debug|Any CPU
		{2F45CB17-5466-463D-868C-30A2E9EF1583}.Debug|Any CPU.Build.0 = Debug|Any CPU
		{2F45CB17-5466-463D-868C-30A2E9EF1583}.Release|Any CPU.ActiveCfg = Release|Any CPU
		{2F45CB17-5466-463D-868C-30A2E9EF1583}.Release|Any CPU.Build.0 = Release|Any CPU
		{C01AC2C0-D673-4C13-9305-3B1629C1E76C}.Debug|Any CPU.ActiveCfg = Debug|Any CPU
		{C01AC2C0-D673-4C13-9305-3B1629C1E76C}.Debug|Any CPU.Build.0 = Debug|Any CPU
		{C01AC2C0-D673-4C13-9305-3B1629C1E76C}.Release|Any CPU.ActiveCfg = Release|Any CPU
		{C01AC2C0-D673-4C13-9305-3B1629C1E76C}.Release|Any CPU.Build.0 = Release|Any CPU
		{B9DB31B9-3A53-4D10-B843-1BBE58317F89}.Debug|Any CPU.ActiveCfg = Debug|Any CPU
		{B9DB31B9-3A53-4D10-B843-1BBE58317F89}.Debug|Any CPU.Build.0 = Debug|Any CPU
		{B9DB31B9-3A53-4D10-B843-1BBE58317F89}.Release|Any CPU.ActiveCfg = Release|Any CPU
		{B9DB31B9-3A53-4D10-B843-1BBE58317F89}.Release|Any CPU.Build.0 = Release|Any CPU
	EndGlobalSection
	GlobalSection(SolutionProperties) = preSolution
		HideSolutionNode = FALSE
	EndGlobalSection
	GlobalSection(ExtensibilityGlobals) = postSolution
		SolutionGuid = {57D68FAE-AB21-4B48-A68F-3A08A471D3C2}
	EndGlobalSection
EndGlobal
